Microsoft Visual Studio Solution File, Format Version 12.00
# Visual Studio Version 17
VisualStudioVersion = 17.5.2.0
MinimumVisualStudioVersion = 10.0.40219.1
Project("{2150E333-8FDC-42A3-9474-1A3956D46DE8}") = "iot-edge", "iot-edge", "{00826B64-BD92-E69E-0F19-93592F7FA8FB}"
EndProject
Project("{2150E333-8FDC-42A3-9474-1A3956D46DE8}") = "shared", "shared", "{4F52FD11-658E-A102-6CD3-7D7C16FFA15B}"
EndProject
Project("{2150E333-8FDC-42A3-9474-1A3956D46DE8}") = "iot", "iot", "{13027034-AF41-9FC3-B39C-67E6B238E274}"
EndProject
Project("{2150E333-8FDC-42A3-9474-1A3956D46DE8}") = "sessions", "sessions", "{7C30C082-D4FF-5AB1-128F-BE070B4AE118}"
EndProject
Project("{2150E333-8FDC-42A3-9474-1A3956D46DE8}") = "device", "device", "{9643DECB-9EC0-AC69-71B3-F187699376E7}"
EndProject
Project("{2150E333-8FDC-42A3-9474-1A3956D46DE8}") = "modules", "modules", "{9D8F9448-BA02-DA8D-6983-73587EAECC62}"
EndProject
Project("{FAE04EC0-301F-11D3-BF4B-00C04F79EFBC}") = "Telemetry", "iot-edge\modules\Telemetry\Telemetry.csproj", "{B67DA61B-76F1-D1AC-E553-6EC054B383D2}"
EndProject
Project("{2150E333-8FDC-42A3-9474-1A3956D46DE8}") = "src", "src", "{8535BA8F-DF9C-A316-7699-3D0137456E7C}"
EndProject
Project("{FAE04EC0-301F-11D3-BF4B-00C04F79EFBC}") = "MeatGeek.Shared", "shared\src\MeatGeek.Shared\MeatGeek.Shared.csproj", "{52FE5172-46D5-BDB6-2211-32D1FFF3547F}"
EndProject
Project("{2150E333-8FDC-42A3-9474-1A3956D46DE8}") = "src", "src", "{2D225BB0-0C6C-578A-48F0-C1C16D6ED782}"
EndProject
Project("{FAE04EC0-301F-11D3-BF4B-00C04F79EFBC}") = "MeatGeek.IoT.WorkerApi", "iot\src\MeatGeek.IoT.WorkerApi\MeatGeek.IoT.WorkerApi.csproj", "{521BFB3B-1F4C-B5C9-205A-7568A2AD6ABC}"
EndProject
Project("{FAE04EC0-301F-11D3-BF4B-00C04F79EFBC}") = "MeatGeek.IoT.Functions", "iot\src\MeatGeek.IoT.Functions\MeatGeek.IoT.Functions.csproj", "{64551818-2B09-82AE-5E32-3414EDE8563C}"
EndProject
Project("{2150E333-8FDC-42A3-9474-1A3956D46DE8}") = "src", "src", "{2773A5FE-648D-C0F3-0F39-257A144C597F}"
EndProject
Project("{FAE04EC0-301F-11D3-BF4B-00C04F79EFBC}") = "MeatGeek.Sessions.Services.Tests", "sessions\src\MeatGeek.Sessions.Services.Tests\MeatGeek.Sessions.Services.Tests.csproj", "{26C51ABF-6272-FC2B-95BB-30BAA0090E71}"
EndProject
Project("{FAE04EC0-301F-11D3-BF4B-00C04F79EFBC}") = "MeatGeek.Sessions.WorkerApi", "sessions\src\MeatGeek.Sessions.WorkerApi\MeatGeek.Sessions.WorkerApi.csproj", "{4F9B0E8B-772E-9A8C-8A3E-10A613E1C2AC}"
EndProject
Project("{FAE04EC0-301F-11D3-BF4B-00C04F79EFBC}") = "MeatGeek.Sessions.Services", "sessions\src\MeatGeek.Sessions.Services\MeatGeek.Sessions.Services.csproj", "{6F6F6FE1-9CE2-DB24-5843-0755C3D1E845}"
EndProject
Project("{FAE04EC0-301F-11D3-BF4B-00C04F79EFBC}") = "MeatGeek.Sessions.Api", "sessions\src\MeatGeek.Sessions.Api\MeatGeek.Sessions.Api.csproj", "{D6C7F0A3-3AF0-1C1C-7436-78B579C8C67B}"
EndProject
Project("{2150E333-8FDC-42A3-9474-1A3956D46DE8}") = "src", "src", "{6D124F53-F67E-8788-EFCA-5E59AD835ACF}"
EndProject
Project("{FAE04EC0-301F-11D3-BF4B-00C04F79EFBC}") = "MeatGeek.Device.Api", "device\src\MeatGeek.Device.Api\MeatGeek.Device.Api.csproj", "{110E6E0B-DDAA-BFEE-403A-49158890323D}"
EndProject
Global
	GlobalSection(SolutionConfigurationPlatforms) = preSolution
		Debug|Any CPU = Debug|Any CPU
		Release|Any CPU = Release|Any CPU
	EndGlobalSection
	GlobalSection(ProjectConfigurationPlatforms) = postSolution
		{B67DA61B-76F1-D1AC-E553-6EC054B383D2}.Debug|Any CPU.ActiveCfg = Debug|Any CPU
		{B67DA61B-76F1-D1AC-E553-6EC054B383D2}.Debug|Any CPU.Build.0 = Debug|Any CPU
		{B67DA61B-76F1-D1AC-E553-6EC054B383D2}.Release|Any CPU.ActiveCfg = Release|Any CPU
		{B67DA61B-76F1-D1AC-E553-6EC054B383D2}.Release|Any CPU.Build.0 = Release|Any CPU
		{52FE5172-46D5-BDB6-2211-32D1FFF3547F}.Debug|Any CPU.ActiveCfg = Debug|Any CPU
		{52FE5172-46D5-BDB6-2211-32D1FFF3547F}.Debug|Any CPU.Build.0 = Debug|Any CPU
		{52FE5172-46D5-BDB6-2211-32D1FFF3547F}.Release|Any CPU.ActiveCfg = Release|Any CPU
		{52FE5172-46D5-BDB6-2211-32D1FFF3547F}.Release|Any CPU.Build.0 = Release|Any CPU
		{521BFB3B-1F4C-B5C9-205A-7568A2AD6ABC}.Debug|Any CPU.ActiveCfg = Debug|Any CPU
		{521BFB3B-1F4C-B5C9-205A-7568A2AD6ABC}.Debug|Any CPU.Build.0 = Debug|Any CPU
		{521BFB3B-1F4C-B5C9-205A-7568A2AD6ABC}.Release|Any CPU.ActiveCfg = Release|Any CPU
		{521BFB3B-1F4C-B5C9-205A-7568A2AD6ABC}.Release|Any CPU.Build.0 = Release|Any CPU
		{64551818-2B09-82AE-5E32-3414EDE8563C}.Debug|Any CPU.ActiveCfg = Debug|Any CPU
		{64551818-2B09-82AE-5E32-3414EDE8563C}.Debug|Any CPU.Build.0 = Debug|Any CPU
		{64551818-2B09-82AE-5E32-3414EDE8563C}.Release|Any CPU.ActiveCfg = Release|Any CPU
		{64551818-2B09-82AE-5E32-3414EDE8563C}.Release|Any CPU.Build.0 = Release|Any CPU
		{26C51ABF-6272-FC2B-95BB-30BAA0090E71}.Debug|Any CPU.ActiveCfg = Debug|Any CPU
		{26C51ABF-6272-FC2B-95BB-30BAA0090E71}.Debug|Any CPU.Build.0 = Debug|Any CPU
		{26C51ABF-6272-FC2B-95BB-30BAA0090E71}.Release|Any CPU.ActiveCfg = Release|Any CPU
		{26C51ABF-6272-FC2B-95BB-30BAA0090E71}.Release|Any CPU.Build.0 = Release|Any CPU
		{4F9B0E8B-772E-9A8C-8A3E-10A613E1C2AC}.Debug|Any CPU.ActiveCfg = Debug|Any CPU
		{4F9B0E8B-772E-9A8C-8A3E-10A613E1C2AC}.Debug|Any CPU.Build.0 = Debug|Any CPU
		{4F9B0E8B-772E-9A8C-8A3E-10A613E1C2AC}.Release|Any CPU.ActiveCfg = Release|Any CPU
		{4F9B0E8B-772E-9A8C-8A3E-10A613E1C2AC}.Release|Any CPU.Build.0 = Release|Any CPU
		{6F6F6FE1-9CE2-DB24-5843-0755C3D1E845}.Debug|Any CPU.ActiveCfg = Debug|Any CPU
		{6F6F6FE1-9CE2-DB24-5843-0755C3D1E845}.Debug|Any CPU.Build.0 = Debug|Any CPU
		{6F6F6FE1-9CE2-DB24-5843-0755C3D1E845}.Release|Any CPU.ActiveCfg = Release|Any CPU
		{6F6F6FE1-9CE2-DB24-5843-0755C3D1E845}.Release|Any CPU.Build.0 = Release|Any CPU
		{D6C7F0A3-3AF0-1C1C-7436-78B579C8C67B}.Debug|Any CPU.ActiveCfg = Debug|Any CPU
		{D6C7F0A3-3AF0-1C1C-7436-78B579C8C67B}.Debug|Any CPU.Build.0 = Debug|Any CPU
		{D6C7F0A3-3AF0-1C1C-7436-78B579C8C67B}.Release|Any CPU.ActiveCfg = Release|Any CPU
		{D6C7F0A3-3AF0-1C1C-7436-78B579C8C67B}.Release|Any CPU.Build.0 = Release|Any CPU
		{110E6E0B-DDAA-BFEE-403A-49158890323D}.Debug|Any CPU.ActiveCfg = Debug|Any CPU
		{110E6E0B-DDAA-BFEE-403A-49158890323D}.Debug|Any CPU.Build.0 = Debug|Any CPU
		{110E6E0B-DDAA-BFEE-403A-49158890323D}.Release|Any CPU.ActiveCfg = Release|Any CPU
		{110E6E0B-DDAA-BFEE-403A-49158890323D}.Release|Any CPU.Build.0 = Release|Any CPU
	EndGlobalSection
	GlobalSection(SolutionProperties) = preSolution
		HideSolutionNode = FALSE
	EndGlobalSection
	GlobalSection(NestedProjects) = preSolution
		{9D8F9448-BA02-DA8D-6983-73587EAECC62} = {00826B64-BD92-E69E-0F19-93592F7FA8FB}
		{B67DA61B-76F1-D1AC-E553-6EC054B383D2} = {9D8F9448-BA02-DA8D-6983-73587EAECC62}
		{8535BA8F-DF9C-A316-7699-3D0137456E7C} = {4F52FD11-658E-A102-6CD3-7D7C16FFA15B}
		{52FE5172-46D5-BDB6-2211-32D1FFF3547F} = {8535BA8F-DF9C-A316-7699-3D0137456E7C}
		{2D225BB0-0C6C-578A-48F0-C1C16D6ED782} = {13027034-AF41-9FC3-B39C-67E6B238E274}
		{521BFB3B-1F4C-B5C9-205A-7568A2AD6ABC} = {2D225BB0-0C6C-578A-48F0-C1C16D6ED782}
		{64551818-2B09-82AE-5E32-3414EDE8563C} = {2D225BB0-0C6C-578A-48F0-C1C16D6ED782}
		{2773A5FE-648D-C0F3-0F39-257A144C597F} = {7C30C082-D4FF-5AB1-128F-BE070B4AE118}
		{26C51ABF-6272-FC2B-95BB-30BAA0090E71} = {2773A5FE-648D-C0F3-0F39-257A144C597F}
		{4F9B0E8B-772E-9A8C-8A3E-10A613E1C2AC} = {2773A5FE-648D-C0F3-0F39-257A144C597F}
		{6F6F6FE1-9CE2-DB24-5843-0755C3D1E845} = {2773A5FE-648D-C0F3-0F39-257A144C597F}
		{D6C7F0A3-3AF0-1C1C-7436-78B579C8C67B} = {2773A5FE-648D-C0F3-0F39-257A144C597F}
		{6D124F53-F67E-8788-EFCA-5E59AD835ACF} = {9643DECB-9EC0-AC69-71B3-F187699376E7}
		{110E6E0B-DDAA-BFEE-403A-49158890323D} = {6D124F53-F67E-8788-EFCA-5E59AD835ACF}
	EndGlobalSection
	GlobalSection(ExtensibilityGlobals) = postSolution
		SolutionGuid = {071D859F-9681-4201-AE37-539986180A07}
	EndGlobalSection
EndGlobal
